
Microsoft Visual Studio Solution File, Format Version 12.00
# Visual Studio 15
VisualStudioVersion = 15.0.28010.2003
MinimumVisualStudioVersion = 10.0.40219.1
Project("{FAE04EC0-301F-11D3-BF4B-00C04F79EFBC}") = "DemoApp1", "DemoApp1\DemoApp1.csproj", "{17EC2D97-7416-47A5-8CD5-D8F6F737B4B2}"
EndProject
Project("{FAE04EC0-301F-11D3-BF4B-00C04F79EFBC}") = "DemoApp2", "DemoApp2\DemoApp2.csproj", "{A118B9E0-8B22-4AC6-A43A-58AFF644C923}"
EndProject
Project("{FAE04EC0-301F-11D3-BF4B-00C04F79EFBC}") = "DemoApp3", "DemoApp3\DemoApp3.csproj", "{838E967E-E1CE-4AD5-8233-E66D6EFBF971}"
EndProject
Project("{FAE04EC0-301F-11D3-BF4B-00C04F79EFBC}") = "DemoApp4", "DemoApp4\DemoApp4.csproj", "{0E279BAC-A021-446A-B1F5-7F2D78195E2C}"
EndProject
Project("{FAE04EC0-301F-11D3-BF4B-00C04F79EFBC}") = "DemoApp5", "DemoApp5\DemoApp5.csproj", "{E6013702-8021-4229-8160-26F77391E5A3}"
EndProject
Project("{FAE04EC0-301F-11D3-BF4B-00C04F79EFBC}") = "DemoApp6", "DemoApp6\DemoApp6.csproj", "{466F93DD-9824-4D5D-8FB7-09C35B3AE1C7}"
EndProject
Project("{FAE04EC0-301F-11D3-BF4B-00C04F79EFBC}") = "DemoApp7", "DemoApp7\DemoApp7.csproj", "{81818635-FD18-4F1A-8915-FB4D26486807}"
EndProject
Project("{FAE04EC0-301F-11D3-BF4B-00C04F79EFBC}") = "DemoApp8", "DemoApp8\DemoApp8.csproj", "{1476D236-9428-4539-9870-BEA515CAD823}"
EndProject
Project("{FAE04EC0-301F-11D3-BF4B-00C04F79EFBC}") = "DemoApp9", "DemoApp9\DemoApp9.csproj", "{0867F02C-2256-4F4E-B5BD-BB8C9C0DD39F}"
EndProject
Project("{FAE04EC0-301F-11D3-BF4B-00C04F79EFBC}") = "DemoApp10", "DemoApp10\DemoApp10.csproj", "{9DCE276E-110E-4B23-851A-CEDC2453BDE5}"
EndProject
Project("{FAE04EC0-301F-11D3-BF4B-00C04F79EFBC}") = "DemoApp11", "DemoApp11\DemoApp11.csproj", "{612D67B5-4DBC-4118-901F-D6F71BFC0A13}"
EndProject
Project("{FAE04EC0-301F-11D3-BF4B-00C04F79EFBC}") = "DemoApp12", "DemoApp12\DemoApp12.csproj", "{B683BDA0-8785-4027-912C-C911F9F19493}"
EndProject
Project("{FAE04EC0-301F-11D3-BF4B-00C04F79EFBC}") = "DemoApp13", "DemoApp13\DemoApp13.csproj", "{1ECF8A4A-A50D-46A9-AF42-9580A0920F59}"
EndProject
Project("{FAE04EC0-301F-11D3-BF4B-00C04F79EFBC}") = "DemoApp14", "DemoApp14\DemoApp14.csproj", "{575CF69D-7ACB-4B97-ABCC-BA24A686C7C6}"
EndProject
Global
	GlobalSection(SolutionConfigurationPlatforms) = preSolution
		Debug|Any CPU = Debug|Any CPU
		Release|Any CPU = Release|Any CPU
	EndGlobalSection
	GlobalSection(ProjectConfigurationPlatforms) = postSolution
		{17EC2D97-7416-47A5-8CD5-D8F6F737B4B2}.Debug|Any CPU.ActiveCfg = Debug|Any CPU
		{17EC2D97-7416-47A5-8CD5-D8F6F737B4B2}.Debug|Any CPU.Build.0 = Debug|Any CPU
		{17EC2D97-7416-47A5-8CD5-D8F6F737B4B2}.Release|Any CPU.ActiveCfg = Release|Any CPU
		{17EC2D97-7416-47A5-8CD5-D8F6F737B4B2}.Release|Any CPU.Build.0 = Release|Any CPU
		{A118B9E0-8B22-4AC6-A43A-58AFF644C923}.Debug|Any CPU.ActiveCfg = Debug|Any CPU
		{A118B9E0-8B22-4AC6-A43A-58AFF644C923}.Debug|Any CPU.Build.0 = Debug|Any CPU
		{A118B9E0-8B22-4AC6-A43A-58AFF644C923}.Release|Any CPU.ActiveCfg = Release|Any CPU
		{A118B9E0-8B22-4AC6-A43A-58AFF644C923}.Release|Any CPU.Build.0 = Release|Any CPU
		{838E967E-E1CE-4AD5-8233-E66D6EFBF971}.Debug|Any CPU.ActiveCfg = Debug|Any CPU
		{838E967E-E1CE-4AD5-8233-E66D6EFBF971}.Debug|Any CPU.Build.0 = Debug|Any CPU
		{838E967E-E1CE-4AD5-8233-E66D6EFBF971}.Release|Any CPU.ActiveCfg = Release|Any CPU
		{838E967E-E1CE-4AD5-8233-E66D6EFBF971}.Release|Any CPU.Build.0 = Release|Any CPU
		{0E279BAC-A021-446A-B1F5-7F2D78195E2C}.Debug|Any CPU.ActiveCfg = Debug|Any CPU
		{0E279BAC-A021-446A-B1F5-7F2D78195E2C}.Debug|Any CPU.Build.0 = Debug|Any CPU
		{0E279BAC-A021-446A-B1F5-7F2D78195E2C}.Release|Any CPU.ActiveCfg = Release|Any CPU
		{0E279BAC-A021-446A-B1F5-7F2D78195E2C}.Release|Any CPU.Build.0 = Release|Any CPU
		{E6013702-8021-4229-8160-26F77391E5A3}.Debug|Any CPU.ActiveCfg = Debug|Any CPU
		{E6013702-8021-4229-8160-26F77391E5A3}.Debug|Any CPU.Build.0 = Debug|Any CPU
		{E6013702-8021-4229-8160-26F77391E5A3}.Release|Any CPU.ActiveCfg = Release|Any CPU
		{E6013702-8021-4229-8160-26F77391E5A3}.Release|Any CPU.Build.0 = Release|Any CPU
		{466F93DD-9824-4D5D-8FB7-09C35B3AE1C7}.Debug|Any CPU.ActiveCfg = Debug|Any CPU
		{466F93DD-9824-4D5D-8FB7-09C35B3AE1C7}.Debug|Any CPU.Build.0 = Debug|Any CPU
		{466F93DD-9824-4D5D-8FB7-09C35B3AE1C7}.Release|Any CPU.ActiveCfg = Release|Any CPU
		{466F93DD-9824-4D5D-8FB7-09C35B3AE1C7}.Release|Any CPU.Build.0 = Release|Any CPU
		{81818635-FD18-4F1A-8915-FB4D26486807}.Debug|Any CPU.ActiveCfg = Debug|Any CPU
		{81818635-FD18-4F1A-8915-FB4D26486807}.Debug|Any CPU.Build.0 = Debug|Any CPU
		{81818635-FD18-4F1A-8915-FB4D26486807}.Release|Any CPU.ActiveCfg = Release|Any CPU
		{81818635-FD18-4F1A-8915-FB4D26486807}.Release|Any CPU.Build.0 = Release|Any CPU
		{1476D236-9428-4539-9870-BEA515CAD823}.Debug|Any CPU.ActiveCfg = Debug|Any CPU
		{1476D236-9428-4539-9870-BEA515CAD823}.Debug|Any CPU.Build.0 = Debug|Any CPU
		{1476D236-9428-4539-9870-BEA515CAD823}.Release|Any CPU.ActiveCfg = Release|Any CPU
		{1476D236-9428-4539-9870-BEA515CAD823}.Release|Any CPU.Build.0 = Release|Any CPU
		{0867F02C-2256-4F4E-B5BD-BB8C9C0DD39F}.Debug|Any CPU.ActiveCfg = Debug|Any CPU
		{0867F02C-2256-4F4E-B5BD-BB8C9C0DD39F}.Debug|Any CPU.Build.0 = Debug|Any CPU
		{0867F02C-2256-4F4E-B5BD-BB8C9C0DD39F}.Release|Any CPU.ActiveCfg = Release|Any CPU
		{0867F02C-2256-4F4E-B5BD-BB8C9C0DD39F}.Release|Any CPU.Build.0 = Release|Any CPU
		{9DCE276E-110E-4B23-851A-CEDC2453BDE5}.Debug|Any CPU.ActiveCfg = Debug|Any CPU
		{9DCE276E-110E-4B23-851A-CEDC2453BDE5}.Debug|Any CPU.Build.0 = Debug|Any CPU
		{9DCE276E-110E-4B23-851A-CEDC2453BDE5}.Release|Any CPU.ActiveCfg = Release|Any CPU
		{9DCE276E-110E-4B23-851A-CEDC2453BDE5}.Release|Any CPU.Build.0 = Release|Any CPU
		{612D67B5-4DBC-4118-901F-D6F71BFC0A13}.Debug|Any CPU.ActiveCfg = Debug|Any CPU
		{612D67B5-4DBC-4118-901F-D6F71BFC0A13}.Debug|Any CPU.Build.0 = Debug|Any CPU
		{612D67B5-4DBC-4118-901F-D6F71BFC0A13}.Release|Any CPU.ActiveCfg = Release|Any CPU
		{612D67B5-4DBC-4118-901F-D6F71BFC0A13}.Release|Any CPU.Build.0 = Release|Any CPU
		{B683BDA0-8785-4027-912C-C911F9F19493}.Debug|Any CPU.ActiveCfg = Debug|Any CPU
		{B683BDA0-8785-4027-912C-C911F9F19493}.Debug|Any CPU.Build.0 = Debug|Any CPU
		{B683BDA0-8785-4027-912C-C911F9F19493}.Release|Any CPU.ActiveCfg = Release|Any CPU
		{B683BDA0-8785-4027-912C-C911F9F19493}.Release|Any CPU.Build.0 = Release|Any CPU
		{1ECF8A4A-A50D-46A9-AF42-9580A0920F59}.Debug|Any CPU.ActiveCfg = Debug|Any CPU
		{1ECF8A4A-A50D-46A9-AF42-9580A0920F59}.Debug|Any CPU.Build.0 = Debug|Any CPU
		{1ECF8A4A-A50D-46A9-AF42-9580A0920F59}.Release|Any CPU.ActiveCfg = Release|Any CPU
		{1ECF8A4A-A50D-46A9-AF42-9580A0920F59}.Release|Any CPU.Build.0 = Release|Any CPU
		{575CF69D-7ACB-4B97-ABCC-BA24A686C7C6}.Debug|Any CPU.ActiveCfg = Debug|Any CPU
		{575CF69D-7ACB-4B97-ABCC-BA24A686C7C6}.Debug|Any CPU.Build.0 = Debug|Any CPU
		{575CF69D-7ACB-4B97-ABCC-BA24A686C7C6}.Release|Any CPU.ActiveCfg = Release|Any CPU
		{575CF69D-7ACB-4B97-ABCC-BA24A686C7C6}.Release|Any CPU.Build.0 = Release|Any CPU
	EndGlobalSection
	GlobalSection(SolutionProperties) = preSolution
		HideSolutionNode = FALSE
	EndGlobalSection
	GlobalSection(ExtensibilityGlobals) = postSolution
		SolutionGuid = {9E404506-2B63-443F-9A29-C341E2425943}
	EndGlobalSection
EndGlobal
